// !$*UTF8*$!
{
	archiveVersion = 1;
	classes = {
	};
	objectVersion = 55;
	objects = {

/* Begin PBXBuildFile section */
		144DBCC628B4F0A700844CC8 /* Location.swift in Sources */ = {isa = PBXBuildFile; fileRef = 144DBCC528B4F0A700844CC8 /* Location.swift */; };
		144DBCC828B4F21B00844CC8 /* LocationTests.swift in Sources */ = {isa = PBXBuildFile; fileRef = 144DBCC728B4F21B00844CC8 /* LocationTests.swift */; };
		144DBCCB28B4F71500844CC8 /* TaskManagerTests.swift in Sources */ = {isa = PBXBuildFile; fileRef = 144DBCCA28B4F71500844CC8 /* TaskManagerTests.swift */; };
		144DBCCE28B4F79800844CC8 /* TaskManager.swift in Sources */ = {isa = PBXBuildFile; fileRef = 144DBCCD28B4F79800844CC8 /* TaskManager.swift */; };
		1483EA1E28B4CF02006AE221 /* AppDelegate.swift in Sources */ = {isa = PBXBuildFile; fileRef = 1483EA1D28B4CF02006AE221 /* AppDelegate.swift */; };
		1483EA2028B4CF02006AE221 /* SceneDelegate.swift in Sources */ = {isa = PBXBuildFile; fileRef = 1483EA1F28B4CF02006AE221 /* SceneDelegate.swift */; };
		1483EA2228B4CF02006AE221 /* TaskListViewController.swift in Sources */ = {isa = PBXBuildFile; fileRef = 1483EA2128B4CF02006AE221 /* TaskListViewController.swift */; };
		1483EA2528B4CF02006AE221 /* Main.storyboard in Resources */ = {isa = PBXBuildFile; fileRef = 1483EA2328B4CF02006AE221 /* Main.storyboard */; };
		1483EA2728B4CF04006AE221 /* Assets.xcassets in Resources */ = {isa = PBXBuildFile; fileRef = 1483EA2628B4CF04006AE221 /* Assets.xcassets */; };
		1483EA2A28B4CF04006AE221 /* LaunchScreen.storyboard in Resources */ = {isa = PBXBuildFile; fileRef = 1483EA2828B4CF04006AE221 /* LaunchScreen.storyboard */; };
		1483EA3528B4CF05006AE221 /* ToDoAppTests.swift in Sources */ = {isa = PBXBuildFile; fileRef = 1483EA3428B4CF05006AE221 /* ToDoAppTests.swift */; };
		1483EA3F28B4CF05006AE221 /* ToDoAppUITests.swift in Sources */ = {isa = PBXBuildFile; fileRef = 1483EA3E28B4CF05006AE221 /* ToDoAppUITests.swift */; };
		1483EA4128B4CF05006AE221 /* ToDoAppUITestsLaunchTests.swift in Sources */ = {isa = PBXBuildFile; fileRef = 1483EA4028B4CF05006AE221 /* ToDoAppUITestsLaunchTests.swift */; };
		1483EA5228B4D0F6006AE221 /* TaskTests.swift in Sources */ = {isa = PBXBuildFile; fileRef = 1483EA5128B4D0F6006AE221 /* TaskTests.swift */; };
		1483EA5528B4D1C7006AE221 /* Task.swift in Sources */ = {isa = PBXBuildFile; fileRef = 1483EA5428B4D1C7006AE221 /* Task.swift */; };
		148E31FA28B5101400B7AB21 /* TaskListViewControllerTests.swift in Sources */ = {isa = PBXBuildFile; fileRef = 148E31F928B5101400B7AB21 /* TaskListViewControllerTests.swift */; };
		148E31FC28B5153100B7AB21 /* DataProvider.swift in Sources */ = {isa = PBXBuildFile; fileRef = 148E31FB28B5153100B7AB21 /* DataProvider.swift */; };
		148E31FE28B51AAE00B7AB21 /* DataProviderTests.swift in Sources */ = {isa = PBXBuildFile; fileRef = 148E31FD28B51AAE00B7AB21 /* DataProviderTests.swift */; };
		148E320028B5214000B7AB21 /* TaskCell.swift in Sources */ = {isa = PBXBuildFile; fileRef = 148E31FF28B5214000B7AB21 /* TaskCell.swift */; };
		14D6A62B28B60F44008BC99B /* TaskCellTests.swift in Sources */ = {isa = PBXBuildFile; fileRef = 14D6A62A28B60F44008BC99B /* TaskCellTests.swift */; };
		14D6A62D28B61D5E008BC99B /* DetailViewControllerTests.swift in Sources */ = {isa = PBXBuildFile; fileRef = 14D6A62C28B61D5E008BC99B /* DetailViewControllerTests.swift */; };
		14D6A62F28B61E30008BC99B /* DetailViewController.swift in Sources */ = {isa = PBXBuildFile; fileRef = 14D6A62E28B61E30008BC99B /* DetailViewController.swift */; };
/* End PBXBuildFile section */

/* Begin PBXContainerItemProxy section */
		1483EA3128B4CF05006AE221 /* PBXContainerItemProxy */ = {
			isa = PBXContainerItemProxy;
			containerPortal = 1483EA1228B4CF02006AE221 /* Project object */;
			proxyType = 1;
			remoteGlobalIDString = 1483EA1928B4CF02006AE221;
			remoteInfo = ToDoApp;
		};
		1483EA3B28B4CF05006AE221 /* PBXContainerItemProxy */ = {
			isa = PBXContainerItemProxy;
			containerPortal = 1483EA1228B4CF02006AE221 /* Project object */;
			proxyType = 1;
			remoteGlobalIDString = 1483EA1928B4CF02006AE221;
			remoteInfo = ToDoApp;
		};
/* End PBXContainerItemProxy section */

/* Begin PBXFileReference section */
		144DBCC528B4F0A700844CC8 /* Location.swift */ = {isa = PBXFileReference; lastKnownFileType = sourcecode.swift; path = Location.swift; sourceTree = "<group>"; };
		144DBCC728B4F21B00844CC8 /* LocationTests.swift */ = {isa = PBXFileReference; lastKnownFileType = sourcecode.swift; path = LocationTests.swift; sourceTree = "<group>"; };
		144DBCCA28B4F71500844CC8 /* TaskManagerTests.swift */ = {isa = PBXFileReference; lastKnownFileType = sourcecode.swift; path = TaskManagerTests.swift; sourceTree = "<group>"; };
		144DBCCD28B4F79800844CC8 /* TaskManager.swift */ = {isa = PBXFileReference; lastKnownFileType = sourcecode.swift; path = TaskManager.swift; sourceTree = "<group>"; };
		1483EA1A28B4CF02006AE221 /* ToDoApp.app */ = {isa = PBXFileReference; explicitFileType = wrapper.application; includeInIndex = 0; path = ToDoApp.app; sourceTree = BUILT_PRODUCTS_DIR; };
		1483EA1D28B4CF02006AE221 /* AppDelegate.swift */ = {isa = PBXFileReference; lastKnownFileType = sourcecode.swift; path = AppDelegate.swift; sourceTree = "<group>"; };
		1483EA1F28B4CF02006AE221 /* SceneDelegate.swift */ = {isa = PBXFileReference; lastKnownFileType = sourcecode.swift; path = SceneDelegate.swift; sourceTree = "<group>"; };
		1483EA2128B4CF02006AE221 /* TaskListViewController.swift */ = {isa = PBXFileReference; lastKnownFileType = sourcecode.swift; path = TaskListViewController.swift; sourceTree = "<group>"; };
		1483EA2428B4CF02006AE221 /* Base */ = {isa = PBXFileReference; lastKnownFileType = file.storyboard; name = Base; path = Base.lproj/Main.storyboard; sourceTree = "<group>"; };
		1483EA2628B4CF04006AE221 /* Assets.xcassets */ = {isa = PBXFileReference; lastKnownFileType = folder.assetcatalog; path = Assets.xcassets; sourceTree = "<group>"; };
		1483EA2928B4CF04006AE221 /* Base */ = {isa = PBXFileReference; lastKnownFileType = file.storyboard; name = Base; path = Base.lproj/LaunchScreen.storyboard; sourceTree = "<group>"; };
		1483EA2B28B4CF04006AE221 /* Info.plist */ = {isa = PBXFileReference; lastKnownFileType = text.plist.xml; path = Info.plist; sourceTree = "<group>"; };
		1483EA3028B4CF05006AE221 /* ToDoAppTests.xctest */ = {isa = PBXFileReference; explicitFileType = wrapper.cfbundle; includeInIndex = 0; path = ToDoAppTests.xctest; sourceTree = BUILT_PRODUCTS_DIR; };
		1483EA3428B4CF05006AE221 /* ToDoAppTests.swift */ = {isa = PBXFileReference; lastKnownFileType = sourcecode.swift; path = ToDoAppTests.swift; sourceTree = "<group>"; };
		1483EA3A28B4CF05006AE221 /* ToDoAppUITests.xctest */ = {isa = PBXFileReference; explicitFileType = wrapper.cfbundle; includeInIndex = 0; path = ToDoAppUITests.xctest; sourceTree = BUILT_PRODUCTS_DIR; };
		1483EA3E28B4CF05006AE221 /* ToDoAppUITests.swift */ = {isa = PBXFileReference; lastKnownFileType = sourcecode.swift; path = ToDoAppUITests.swift; sourceTree = "<group>"; };
		1483EA4028B4CF05006AE221 /* ToDoAppUITestsLaunchTests.swift */ = {isa = PBXFileReference; lastKnownFileType = sourcecode.swift; path = ToDoAppUITestsLaunchTests.swift; sourceTree = "<group>"; };
		1483EA5128B4D0F6006AE221 /* TaskTests.swift */ = {isa = PBXFileReference; lastKnownFileType = sourcecode.swift; path = TaskTests.swift; sourceTree = "<group>"; };
		1483EA5428B4D1C7006AE221 /* Task.swift */ = {isa = PBXFileReference; lastKnownFileType = sourcecode.swift; path = Task.swift; sourceTree = "<group>"; };
		148E31F928B5101400B7AB21 /* TaskListViewControllerTests.swift */ = {isa = PBXFileReference; lastKnownFileType = sourcecode.swift; path = TaskListViewControllerTests.swift; sourceTree = "<group>"; };
		148E31FB28B5153100B7AB21 /* DataProvider.swift */ = {isa = PBXFileReference; lastKnownFileType = sourcecode.swift; path = DataProvider.swift; sourceTree = "<group>"; };
		148E31FD28B51AAE00B7AB21 /* DataProviderTests.swift */ = {isa = PBXFileReference; lastKnownFileType = sourcecode.swift; path = DataProviderTests.swift; sourceTree = "<group>"; };
		148E31FF28B5214000B7AB21 /* TaskCell.swift */ = {isa = PBXFileReference; lastKnownFileType = sourcecode.swift; path = TaskCell.swift; sourceTree = "<group>"; };
		14D6A62A28B60F44008BC99B /* TaskCellTests.swift */ = {isa = PBXFileReference; lastKnownFileType = sourcecode.swift; path = TaskCellTests.swift; sourceTree = "<group>"; };
		14D6A62C28B61D5E008BC99B /* DetailViewControllerTests.swift */ = {isa = PBXFileReference; lastKnownFileType = sourcecode.swift; path = DetailViewControllerTests.swift; sourceTree = "<group>"; };
		14D6A62E28B61E30008BC99B /* DetailViewController.swift */ = {isa = PBXFileReference; lastKnownFileType = sourcecode.swift; path = DetailViewController.swift; sourceTree = "<group>"; };
/* End PBXFileReference section */

/* Begin PBXFrameworksBuildPhase section */
		1483EA1728B4CF02006AE221 /* Frameworks */ = {
			isa = PBXFrameworksBuildPhase;
			buildActionMask = 2147483647;
			files = (
			);
			runOnlyForDeploymentPostprocessing = 0;
		};
		1483EA2D28B4CF05006AE221 /* Frameworks */ = {
			isa = PBXFrameworksBuildPhase;
			buildActionMask = 2147483647;
			files = (
			);
			runOnlyForDeploymentPostprocessing = 0;
		};
		1483EA3728B4CF05006AE221 /* Frameworks */ = {
			isa = PBXFrameworksBuildPhase;
			buildActionMask = 2147483647;
			files = (
			);
			runOnlyForDeploymentPostprocessing = 0;
		};
/* End PBXFrameworksBuildPhase section */

/* Begin PBXGroup section */
		144DBCC928B4F6FC00844CC8 /* Manager */ = {
			isa = PBXGroup;
			children = (
				144DBCCA28B4F71500844CC8 /* TaskManagerTests.swift */,
			);
			path = Manager;
			sourceTree = "<group>";
		};
		144DBCCC28B4F78800844CC8 /* Manager */ = {
			isa = PBXGroup;
			children = (
				144DBCCD28B4F79800844CC8 /* TaskManager.swift */,
			);
			path = Manager;
			sourceTree = "<group>";
		};
		1483EA1128B4CF02006AE221 = {
			isa = PBXGroup;
			children = (
				1483EA1C28B4CF02006AE221 /* ToDoApp */,
				1483EA3328B4CF05006AE221 /* ToDoAppTests */,
				1483EA3D28B4CF05006AE221 /* ToDoAppUITests */,
				1483EA1B28B4CF02006AE221 /* Products */,
			);
			sourceTree = "<group>";
		};
		1483EA1B28B4CF02006AE221 /* Products */ = {
			isa = PBXGroup;
			children = (
				1483EA1A28B4CF02006AE221 /* ToDoApp.app */,
				1483EA3028B4CF05006AE221 /* ToDoAppTests.xctest */,
				1483EA3A28B4CF05006AE221 /* ToDoAppUITests.xctest */,
			);
			name = Products;
			sourceTree = "<group>";
		};
		1483EA1C28B4CF02006AE221 /* ToDoApp */ = {
			isa = PBXGroup;
			children = (
				144DBCCC28B4F78800844CC8 /* Manager */,
				1483EA4F28B4CF34006AE221 /* Controller */,
				1483EA4E28B4CF2A006AE221 /* View */,
				1483EA4D28B4CF23006AE221 /* Model */,
				1483EA5028B4CF62006AE221 /* Supporting Files */,
			);
			path = ToDoApp;
			sourceTree = "<group>";
		};
		1483EA3328B4CF05006AE221 /* ToDoAppTests */ = {
			isa = PBXGroup;
			children = (
				14D6A62928B60F31008BC99B /* View */,
				148E31F828B50FE300B7AB21 /* Controller */,
				144DBCC928B4F6FC00844CC8 /* Manager */,
				1483EA3428B4CF05006AE221 /* ToDoAppTests.swift */,
				1483EA5328B4D0FF006AE221 /* Model */,
			);
			path = ToDoAppTests;
			sourceTree = "<group>";
		};
		1483EA3D28B4CF05006AE221 /* ToDoAppUITests */ = {
			isa = PBXGroup;
			children = (
				1483EA3E28B4CF05006AE221 /* ToDoAppUITests.swift */,
				1483EA4028B4CF05006AE221 /* ToDoAppUITestsLaunchTests.swift */,
			);
			path = ToDoAppUITests;
			sourceTree = "<group>";
		};
		1483EA4D28B4CF23006AE221 /* Model */ = {
			isa = PBXGroup;
			children = (
				1483EA5428B4D1C7006AE221 /* Task.swift */,
				144DBCC528B4F0A700844CC8 /* Location.swift */,
			);
			path = Model;
			sourceTree = "<group>";
		};
		1483EA4E28B4CF2A006AE221 /* View */ = {
			isa = PBXGroup;
			children = (
				148E31FF28B5214000B7AB21 /* TaskCell.swift */,
			);
			path = View;
			sourceTree = "<group>";
		};
		1483EA4F28B4CF34006AE221 /* Controller */ = {
			isa = PBXGroup;
			children = (
				1483EA2128B4CF02006AE221 /* TaskListViewController.swift */,
				148E31FB28B5153100B7AB21 /* DataProvider.swift */,
				14D6A62E28B61E30008BC99B /* DetailViewController.swift */,
			);
			path = Controller;
			sourceTree = "<group>";
		};
		1483EA5028B4CF62006AE221 /* Supporting Files */ = {
			isa = PBXGroup;
			children = (
				1483EA1D28B4CF02006AE221 /* AppDelegate.swift */,
				1483EA1F28B4CF02006AE221 /* SceneDelegate.swift */,
				1483EA2328B4CF02006AE221 /* Main.storyboard */,
				1483EA2628B4CF04006AE221 /* Assets.xcassets */,
				1483EA2828B4CF04006AE221 /* LaunchScreen.storyboard */,
				1483EA2B28B4CF04006AE221 /* Info.plist */,
			);
			path = "Supporting Files";
			sourceTree = "<group>";
		};
		1483EA5328B4D0FF006AE221 /* Model */ = {
			isa = PBXGroup;
			children = (
				1483EA5128B4D0F6006AE221 /* TaskTests.swift */,
				144DBCC728B4F21B00844CC8 /* LocationTests.swift */,
			);
			path = Model;
			sourceTree = "<group>";
		};
		148E31F828B50FE300B7AB21 /* Controller */ = {
			isa = PBXGroup;
			children = (
				148E31F928B5101400B7AB21 /* TaskListViewControllerTests.swift */,
				148E31FD28B51AAE00B7AB21 /* DataProviderTests.swift */,
				14D6A62C28B61D5E008BC99B /* DetailViewControllerTests.swift */,
			);
			path = Controller;
			sourceTree = "<group>";
		};
		14D6A62928B60F31008BC99B /* View */ = {
			isa = PBXGroup;
			children = (
				14D6A62A28B60F44008BC99B /* TaskCellTests.swift */,
			);
			path = View;
			sourceTree = "<group>";
		};
/* End PBXGroup section */

/* Begin PBXNativeTarget section */
		1483EA1928B4CF02006AE221 /* ToDoApp */ = {
			isa = PBXNativeTarget;
			buildConfigurationList = 1483EA4428B4CF05006AE221 /* Build configuration list for PBXNativeTarget "ToDoApp" */;
			buildPhases = (
				1483EA1628B4CF02006AE221 /* Sources */,
				1483EA1728B4CF02006AE221 /* Frameworks */,
				1483EA1828B4CF02006AE221 /* Resources */,
			);
			buildRules = (
			);
			dependencies = (
			);
			name = ToDoApp;
			productName = ToDoApp;
			productReference = 1483EA1A28B4CF02006AE221 /* ToDoApp.app */;
			productType = "com.apple.product-type.application";
		};
		1483EA2F28B4CF05006AE221 /* ToDoAppTests */ = {
			isa = PBXNativeTarget;
			buildConfigurationList = 1483EA4728B4CF05006AE221 /* Build configuration list for PBXNativeTarget "ToDoAppTests" */;
			buildPhases = (
				1483EA2C28B4CF05006AE221 /* Sources */,
				1483EA2D28B4CF05006AE221 /* Frameworks */,
				1483EA2E28B4CF05006AE221 /* Resources */,
			);
			buildRules = (
			);
			dependencies = (
				1483EA3228B4CF05006AE221 /* PBXTargetDependency */,
			);
			name = ToDoAppTests;
			productName = ToDoAppTests;
			productReference = 1483EA3028B4CF05006AE221 /* ToDoAppTests.xctest */;
			productType = "com.apple.product-type.bundle.unit-test";
		};
		1483EA3928B4CF05006AE221 /* ToDoAppUITests */ = {
			isa = PBXNativeTarget;
			buildConfigurationList = 1483EA4A28B4CF05006AE221 /* Build configuration list for PBXNativeTarget "ToDoAppUITests" */;
			buildPhases = (
				1483EA3628B4CF05006AE221 /* Sources */,
				1483EA3728B4CF05006AE221 /* Frameworks */,
				1483EA3828B4CF05006AE221 /* Resources */,
			);
			buildRules = (
			);
			dependencies = (
				1483EA3C28B4CF05006AE221 /* PBXTargetDependency */,
			);
			name = ToDoAppUITests;
			productName = ToDoAppUITests;
			productReference = 1483EA3A28B4CF05006AE221 /* ToDoAppUITests.xctest */;
			productType = "com.apple.product-type.bundle.ui-testing";
		};
/* End PBXNativeTarget section */

/* Begin PBXProject section */
		1483EA1228B4CF02006AE221 /* Project object */ = {
			isa = PBXProject;
			attributes = {
				BuildIndependentTargetsInParallel = 1;
				LastSwiftUpdateCheck = 1340;
				LastUpgradeCheck = 1340;
				TargetAttributes = {
					1483EA1928B4CF02006AE221 = {
						CreatedOnToolsVersion = 13.4.1;
					};
					1483EA2F28B4CF05006AE221 = {
						CreatedOnToolsVersion = 13.4.1;
						TestTargetID = 1483EA1928B4CF02006AE221;
					};
					1483EA3928B4CF05006AE221 = {
						CreatedOnToolsVersion = 13.4.1;
						TestTargetID = 1483EA1928B4CF02006AE221;
					};
				};
			};
			buildConfigurationList = 1483EA1528B4CF02006AE221 /* Build configuration list for PBXProject "ToDoApp" */;
			compatibilityVersion = "Xcode 13.0";
			developmentRegion = en;
			hasScannedForEncodings = 0;
			knownRegions = (
				en,
				Base,
			);
			mainGroup = 1483EA1128B4CF02006AE221;
			productRefGroup = 1483EA1B28B4CF02006AE221 /* Products */;
			projectDirPath = "";
			projectRoot = "";
			targets = (
				1483EA1928B4CF02006AE221 /* ToDoApp */,
				1483EA2F28B4CF05006AE221 /* ToDoAppTests */,
				1483EA3928B4CF05006AE221 /* ToDoAppUITests */,
			);
		};
/* End PBXProject section */

/* Begin PBXResourcesBuildPhase section */
		1483EA1828B4CF02006AE221 /* Resources */ = {
			isa = PBXResourcesBuildPhase;
			buildActionMask = 2147483647;
			files = (
				1483EA2A28B4CF04006AE221 /* LaunchScreen.storyboard in Resources */,
				1483EA2728B4CF04006AE221 /* Assets.xcassets in Resources */,
				1483EA2528B4CF02006AE221 /* Main.storyboard in Resources */,
			);
			runOnlyForDeploymentPostprocessing = 0;
		};
		1483EA2E28B4CF05006AE221 /* Resources */ = {
			isa = PBXResourcesBuildPhase;
			buildActionMask = 2147483647;
			files = (
			);
			runOnlyForDeploymentPostprocessing = 0;
		};
		1483EA3828B4CF05006AE221 /* Resources */ = {
			isa = PBXResourcesBuildPhase;
			buildActionMask = 2147483647;
			files = (
			);
			runOnlyForDeploymentPostprocessing = 0;
		};
/* End PBXResourcesBuildPhase section */

/* Begin PBXSourcesBuildPhase section */
		1483EA1628B4CF02006AE221 /* Sources */ = {
			isa = PBXSourcesBuildPhase;
			buildActionMask = 2147483647;
			files = (
				14D6A62F28B61E30008BC99B /* DetailViewController.swift in Sources */,
				144DBCCE28B4F79800844CC8 /* TaskManager.swift in Sources */,
				1483EA5528B4D1C7006AE221 /* Task.swift in Sources */,
				1483EA2228B4CF02006AE221 /* TaskListViewController.swift in Sources */,
				148E31FC28B5153100B7AB21 /* DataProvider.swift in Sources */,
				148E320028B5214000B7AB21 /* TaskCell.swift in Sources */,
				144DBCC628B4F0A700844CC8 /* Location.swift in Sources */,
				1483EA1E28B4CF02006AE221 /* AppDelegate.swift in Sources */,
				1483EA2028B4CF02006AE221 /* SceneDelegate.swift in Sources */,
			);
			runOnlyForDeploymentPostprocessing = 0;
		};
		1483EA2C28B4CF05006AE221 /* Sources */ = {
			isa = PBXSourcesBuildPhase;
			buildActionMask = 2147483647;
			files = (
				1483EA5228B4D0F6006AE221 /* TaskTests.swift in Sources */,
				144DBCC828B4F21B00844CC8 /* LocationTests.swift in Sources */,
				14D6A62B28B60F44008BC99B /* TaskCellTests.swift in Sources */,
				148E31FE28B51AAE00B7AB21 /* DataProviderTests.swift in Sources */,
				144DBCCB28B4F71500844CC8 /* TaskManagerTests.swift in Sources */,
				148E31FA28B5101400B7AB21 /* TaskListViewControllerTests.swift in Sources */,
				1483EA3528B4CF05006AE221 /* ToDoAppTests.swift in Sources */,
				14D6A62D28B61D5E008BC99B /* DetailViewControllerTests.swift in Sources */,
			);
			runOnlyForDeploymentPostprocessing = 0;
		};
		1483EA3628B4CF05006AE221 /* Sources */ = {
			isa = PBXSourcesBuildPhase;
			buildActionMask = 2147483647;
			files = (
				1483EA4128B4CF05006AE221 /* ToDoAppUITestsLaunchTests.swift in Sources */,
				1483EA3F28B4CF05006AE221 /* ToDoAppUITests.swift in Sources */,
			);
			runOnlyForDeploymentPostprocessing = 0;
		};
/* End PBXSourcesBuildPhase section */

/* Begin PBXTargetDependency section */
		1483EA3228B4CF05006AE221 /* PBXTargetDependency */ = {
			isa = PBXTargetDependency;
			target = 1483EA1928B4CF02006AE221 /* ToDoApp */;
			targetProxy = 1483EA3128B4CF05006AE221 /* PBXContainerItemProxy */;
		};
		1483EA3C28B4CF05006AE221 /* PBXTargetDependency */ = {
			isa = PBXTargetDependency;
			target = 1483EA1928B4CF02006AE221 /* ToDoApp */;
			targetProxy = 1483EA3B28B4CF05006AE221 /* PBXContainerItemProxy */;
		};
/* End PBXTargetDependency section */

/* Begin PBXVariantGroup section */
		1483EA2328B4CF02006AE221 /* Main.storyboard */ = {
			isa = PBXVariantGroup;
			children = (
				1483EA2428B4CF02006AE221 /* Base */,
			);
			name = Main.storyboard;
			sourceTree = "<group>";
		};
		1483EA2828B4CF04006AE221 /* LaunchScreen.storyboard */ = {
			isa = PBXVariantGroup;
			children = (
				1483EA2928B4CF04006AE221 /* Base */,
			);
			name = LaunchScreen.storyboard;
			sourceTree = "<group>";
		};
/* End PBXVariantGroup section */

/* Begin XCBuildConfiguration section */
		1483EA4228B4CF05006AE221 /* Debug */ = {
			isa = XCBuildConfiguration;
			buildSettings = {
				ALWAYS_SEARCH_USER_PATHS = NO;
				CLANG_ANALYZER_NONNULL = YES;
				CLANG_ANALYZER_NUMBER_OBJECT_CONVERSION = YES_AGGRESSIVE;
				CLANG_CXX_LANGUAGE_STANDARD = "gnu++17";
				CLANG_ENABLE_MODULES = YES;
				CLANG_ENABLE_OBJC_ARC = YES;
				CLANG_ENABLE_OBJC_WEAK = YES;
				CLANG_WARN_BLOCK_CAPTURE_AUTORELEASING = YES;
				CLANG_WARN_BOOL_CONVERSION = YES;
				CLANG_WARN_COMMA = YES;
				CLANG_WARN_CONSTANT_CONVERSION = YES;
				CLANG_WARN_DEPRECATED_OBJC_IMPLEMENTATIONS = YES;
				CLANG_WARN_DIRECT_OBJC_ISA_USAGE = YES_ERROR;
				CLANG_WARN_DOCUMENTATION_COMMENTS = YES;
				CLANG_WARN_EMPTY_BODY = YES;
				CLANG_WARN_ENUM_CONVERSION = YES;
				CLANG_WARN_INFINITE_RECURSION = YES;
				CLANG_WARN_INT_CONVERSION = YES;
				CLANG_WARN_NON_LITERAL_NULL_CONVERSION = YES;
				CLANG_WARN_OBJC_IMPLICIT_RETAIN_SELF = YES;
				CLANG_WARN_OBJC_LITERAL_CONVERSION = YES;
				CLANG_WARN_OBJC_ROOT_CLASS = YES_ERROR;
				CLANG_WARN_QUOTED_INCLUDE_IN_FRAMEWORK_HEADER = YES;
				CLANG_WARN_RANGE_LOOP_ANALYSIS = YES;
				CLANG_WARN_STRICT_PROTOTYPES = YES;
				CLANG_WARN_SUSPICIOUS_MOVE = YES;
				CLANG_WARN_UNGUARDED_AVAILABILITY = YES_AGGRESSIVE;
				CLANG_WARN_UNREACHABLE_CODE = YES;
				CLANG_WARN__DUPLICATE_METHOD_MATCH = YES;
				COPY_PHASE_STRIP = NO;
				DEBUG_INFORMATION_FORMAT = dwarf;
				ENABLE_STRICT_OBJC_MSGSEND = YES;
				ENABLE_TESTABILITY = YES;
				GCC_C_LANGUAGE_STANDARD = gnu11;
				GCC_DYNAMIC_NO_PIC = NO;
				GCC_NO_COMMON_BLOCKS = YES;
				GCC_OPTIMIZATION_LEVEL = 0;
				GCC_PREPROCESSOR_DEFINITIONS = (
					"DEBUG=1",
					"$(inherited)",
				);
				GCC_WARN_64_TO_32_BIT_CONVERSION = YES;
				GCC_WARN_ABOUT_RETURN_TYPE = YES_ERROR;
				GCC_WARN_UNDECLARED_SELECTOR = YES;
				GCC_WARN_UNINITIALIZED_AUTOS = YES_AGGRESSIVE;
				GCC_WARN_UNUSED_FUNCTION = YES;
				GCC_WARN_UNUSED_VARIABLE = YES;
				IPHONEOS_DEPLOYMENT_TARGET = 15.5;
				MTL_ENABLE_DEBUG_INFO = INCLUDE_SOURCE;
				MTL_FAST_MATH = YES;
				ONLY_ACTIVE_ARCH = YES;
				SDKROOT = iphoneos;
				SWIFT_ACTIVE_COMPILATION_CONDITIONS = DEBUG;
				SWIFT_OPTIMIZATION_LEVEL = "-Onone";
			};
			name = Debug;
		};
		1483EA4328B4CF05006AE221 /* Release */ = {
			isa = XCBuildConfiguration;
			buildSettings = {
				ALWAYS_SEARCH_USER_PATHS = NO;
				CLANG_ANALYZER_NONNULL = YES;
				CLANG_ANALYZER_NUMBER_OBJECT_CONVERSION = YES_AGGRESSIVE;
				CLANG_CXX_LANGUAGE_STANDARD = "gnu++17";
				CLANG_ENABLE_MODULES = YES;
				CLANG_ENABLE_OBJC_ARC = YES;
				CLANG_ENABLE_OBJC_WEAK = YES;
				CLANG_WARN_BLOCK_CAPTURE_AUTORELEASING = YES;
				CLANG_WARN_BOOL_CONVERSION = YES;
				CLANG_WARN_COMMA = YES;
				CLANG_WARN_CONSTANT_CONVERSION = YES;
				CLANG_WARN_DEPRECATED_OBJC_IMPLEMENTATIONS = YES;
				CLANG_WARN_DIRECT_OBJC_ISA_USAGE = YES_ERROR;
				CLANG_WARN_DOCUMENTATION_COMMENTS = YES;
				CLANG_WARN_EMPTY_BODY = YES;
				CLANG_WARN_ENUM_CONVERSION = YES;
				CLANG_WARN_INFINITE_RECURSION = YES;
				CLANG_WARN_INT_CONVERSION = YES;
				CLANG_WARN_NON_LITERAL_NULL_CONVERSION = YES;
				CLANG_WARN_OBJC_IMPLICIT_RETAIN_SELF = YES;
				CLANG_WARN_OBJC_LITERAL_CONVERSION = YES;
				CLANG_WARN_OBJC_ROOT_CLASS = YES_ERROR;
				CLANG_WARN_QUOTED_INCLUDE_IN_FRAMEWORK_HEADER = YES;
				CLANG_WARN_RANGE_LOOP_ANALYSIS = YES;
				CLANG_WARN_STRICT_PROTOTYPES = YES;
				CLANG_WARN_SUSPICIOUS_MOVE = YES;
				CLANG_WARN_UNGUARDED_AVAILABILITY = YES_AGGRESSIVE;
				CLANG_WARN_UNREACHABLE_CODE = YES;
				CLANG_WARN__DUPLICATE_METHOD_MATCH = YES;
				COPY_PHASE_STRIP = NO;
				DEBUG_INFORMATION_FORMAT = "dwarf-with-dsym";
				ENABLE_NS_ASSERTIONS = NO;
				ENABLE_STRICT_OBJC_MSGSEND = YES;
				GCC_C_LANGUAGE_STANDARD = gnu11;
				GCC_NO_COMMON_BLOCKS = YES;
				GCC_WARN_64_TO_32_BIT_CONVERSION = YES;
				GCC_WARN_ABOUT_RETURN_TYPE = YES_ERROR;
				GCC_WARN_UNDECLARED_SELECTOR = YES;
				GCC_WARN_UNINITIALIZED_AUTOS = YES_AGGRESSIVE;
				GCC_WARN_UNUSED_FUNCTION = YES;
				GCC_WARN_UNUSED_VARIABLE = YES;
				IPHONEOS_DEPLOYMENT_TARGET = 15.5;
				MTL_ENABLE_DEBUG_INFO = NO;
				MTL_FAST_MATH = YES;
				SDKROOT = iphoneos;
				SWIFT_COMPILATION_MODE = wholemodule;
				SWIFT_OPTIMIZATION_LEVEL = "-O";
				VALIDATE_PRODUCT = YES;
			};
			name = Release;
		};
		1483EA4528B4CF05006AE221 /* Debug */ = {
			isa = XCBuildConfiguration;
			buildSettings = {
				ASSETCATALOG_COMPILER_APPICON_NAME = AppIcon;
				ASSETCATALOG_COMPILER_GLOBAL_ACCENT_COLOR_NAME = AccentColor;
				CODE_SIGN_STYLE = Automatic;
				CURRENT_PROJECT_VERSION = 1;
				DEVELOPMENT_TEAM = 5PA42A853Q;
				GENERATE_INFOPLIST_FILE = YES;
				INFOPLIST_FILE = "ToDoApp/Supporting Files/Info.plist";
				INFOPLIST_KEY_UIApplicationSupportsIndirectInputEvents = YES;
				INFOPLIST_KEY_UILaunchStoryboardName = LaunchScreen;
				INFOPLIST_KEY_UIMainStoryboardFile = Main;
				INFOPLIST_KEY_UISupportedInterfaceOrientations_iPad = "UIInterfaceOrientationPortrait UIInterfaceOrientationPortraitUpsideDown UIInterfaceOrientationLandscapeLeft UIInterfaceOrientationLandscapeRight";
				INFOPLIST_KEY_UISupportedInterfaceOrientations_iPhone = "UIInterfaceOrientationPortrait UIInterfaceOrientationLandscapeLeft UIInterfaceOrientationLandscapeRight";
				LD_RUNPATH_SEARCH_PATHS = (
					"$(inherited)",
					"@executable_path/Frameworks",
				);
				MARKETING_VERSION = 1.0;
				PRODUCT_BUNDLE_IDENTIFIER = VadimShinkarenko.ToDoApp;
				PRODUCT_NAME = "$(TARGET_NAME)";
				SWIFT_EMIT_LOC_STRINGS = YES;
				SWIFT_VERSION = 5.0;
				TARGETED_DEVICE_FAMILY = "1,2";
			};
			name = Debug;
		};
		1483EA4628B4CF05006AE221 /* Release */ = {
			isa = XCBuildConfiguration;
			buildSettings = {
				ASSETCATALOG_COMPILER_APPICON_NAME = AppIcon;
				ASSETCATALOG_COMPILER_GLOBAL_ACCENT_COLOR_NAME = AccentColor;
				CODE_SIGN_STYLE = Automatic;
				CURRENT_PROJECT_VERSION = 1;
				DEVELOPMENT_TEAM = 5PA42A853Q;
				GENERATE_INFOPLIST_FILE = YES;
				INFOPLIST_FILE = "ToDoApp/Supporting Files/Info.plist";
				INFOPLIST_KEY_UIApplicationSupportsIndirectInputEvents = YES;
				INFOPLIST_KEY_UILaunchStoryboardName = LaunchScreen;
				INFOPLIST_KEY_UIMainStoryboardFile = Main;
				INFOPLIST_KEY_UISupportedInterfaceOrientations_iPad = "UIInterfaceOrientationPortrait UIInterfaceOrientationPortraitUpsideDown UIInterfaceOrientationLandscapeLeft UIInterfaceOrientationLandscapeRight";
				INFOPLIST_KEY_UISupportedInterfaceOrientations_iPhone = "UIInterfaceOrientationPortrait UIInterfaceOrientationLandscapeLeft UIInterfaceOrientationLandscapeRight";
				LD_RUNPATH_SEARCH_PATHS = (
					"$(inherited)",
					"@executable_path/Frameworks",
				);
				MARKETING_VERSION = 1.0;
				PRODUCT_BUNDLE_IDENTIFIER = VadimShinkarenko.ToDoApp;
				PRODUCT_NAME = "$(TARGET_NAME)";
				SWIFT_EMIT_LOC_STRINGS = YES;
				SWIFT_VERSION = 5.0;
				TARGETED_DEVICE_FAMILY = "1,2";
			};
			name = Release;
		};
		1483EA4828B4CF05006AE221 /* Debug */ = {
			isa = XCBuildConfiguration;
			buildSettings = {
				ALWAYS_EMBED_SWIFT_STANDARD_LIBRARIES = YES;
				BUNDLE_LOADER = "$(TEST_HOST)";
				CODE_SIGN_STYLE = Automatic;
				CURRENT_PROJECT_VERSION = 1;
				DEVELOPMENT_TEAM = 5PA42A853Q;
				GENERATE_INFOPLIST_FILE = YES;
				IPHONEOS_DEPLOYMENT_TARGET = 15.5;
				MARKETING_VERSION = 1.0;
				PRODUCT_BUNDLE_IDENTIFIER = VadimShinkarenko.ToDoAppTests;
				PRODUCT_NAME = "$(TARGET_NAME)";
				SWIFT_EMIT_LOC_STRINGS = NO;
				SWIFT_VERSION = 5.0;
				TARGETED_DEVICE_FAMILY = "1,2";
				TEST_HOST = "$(BUILT_PRODUCTS_DIR)/ToDoApp.app/ToDoApp";
			};
			name = Debug;
		};
		1483EA4928B4CF05006AE221 /* Release */ = {
			isa = XCBuildConfiguration;
			buildSettings = {
				ALWAYS_EMBED_SWIFT_STANDARD_LIBRARIES = YES;
				BUNDLE_LOADER = "$(TEST_HOST)";
				CODE_SIGN_STYLE = Automatic;
				CURRENT_PROJECT_VERSION = 1;
				DEVELOPMENT_TEAM = 5PA42A853Q;
				GENERATE_INFOPLIST_FILE = YES;
				IPHONEOS_DEPLOYMENT_TARGET = 15.5;
				MARKETING_VERSION = 1.0;
				PRODUCT_BUNDLE_IDENTIFIER = VadimShinkarenko.ToDoAppTests;
				PRODUCT_NAME = "$(TARGET_NAME)";
				SWIFT_EMIT_LOC_STRINGS = NO;
				SWIFT_VERSION = 5.0;
				TARGETED_DEVICE_FAMILY = "1,2";
				TEST_HOST = "$(BUILT_PRODUCTS_DIR)/ToDoApp.app/ToDoApp";
			};
			name = Release;
		};
		1483EA4B28B4CF05006AE221 /* Debug */ = {
			isa = XCBuildConfiguration;
			buildSettings = {
				ALWAYS_EMBED_SWIFT_STANDARD_LIBRARIES = YES;
				CODE_SIGN_STYLE = Automatic;
				CURRENT_PROJECT_VERSION = 1;
				DEVELOPMENT_TEAM = 5PA42A853Q;
				GENERATE_INFOPLIST_FILE = YES;
				MARKETING_VERSION = 1.0;
				PRODUCT_BUNDLE_IDENTIFIER = VadimShinkarenko.ToDoAppUITests;
				PRODUCT_NAME = "$(TARGET_NAME)";
				SWIFT_EMIT_LOC_STRINGS = NO;
				SWIFT_VERSION = 5.0;
				TARGETED_DEVICE_FAMILY = "1,2";
				TEST_TARGET_NAME = ToDoApp;
			};
			name = Debug;
		};
		1483EA4C28B4CF05006AE221 /* Release */ = {
			isa = XCBuildConfiguration;
			buildSettings = {
				ALWAYS_EMBED_SWIFT_STANDARD_LIBRARIES = YES;
				CODE_SIGN_STYLE = Automatic;
				CURRENT_PROJECT_VERSION = 1;
				DEVELOPMENT_TEAM = 5PA42A853Q;
				GENERATE_INFOPLIST_FILE = YES;
				MARKETING_VERSION = 1.0;
				PRODUCT_BUNDLE_IDENTIFIER = VadimShinkarenko.ToDoAppUITests;
				PRODUCT_NAME = "$(TARGET_NAME)";
				SWIFT_EMIT_LOC_STRINGS = NO;
				SWIFT_VERSION = 5.0;
				TARGETED_DEVICE_FAMILY = "1,2";
				TEST_TARGET_NAME = ToDoApp;
			};
			name = Release;
		};
/* End XCBuildConfiguration section */

/* Begin XCConfigurationList section */
		1483EA1528B4CF02006AE221 /* Build configuration list for PBXProject "ToDoApp" */ = {
			isa = XCConfigurationList;
			buildConfigurations = (
				1483EA4228B4CF05006AE221 /* Debug */,
				1483EA4328B4CF05006AE221 /* Release */,
			);
			defaultConfigurationIsVisible = 0;
			defaultConfigurationName = Release;
		};
		1483EA4428B4CF05006AE221 /* Build configuration list for PBXNativeTarget "ToDoApp" */ = {
			isa = XCConfigurationList;
			buildConfigurations = (
				1483EA4528B4CF05006AE221 /* Debug */,
				1483EA4628B4CF05006AE221 /* Release */,
			);
			defaultConfigurationIsVisible = 0;
			defaultConfigurationName = Release;
		};
		1483EA4728B4CF05006AE221 /* Build configuration list for PBXNativeTarget "ToDoAppTests" */ = {
			isa = XCConfigurationList;
			buildConfigurations = (
				1483EA4828B4CF05006AE221 /* Debug */,
				1483EA4928B4CF05006AE221 /* Release */,
			);
			defaultConfigurationIsVisible = 0;
			defaultConfigurationName = Release;
		};
		1483EA4A28B4CF05006AE221 /* Build configuration list for PBXNativeTarget "ToDoAppUITests" */ = {
			isa = XCConfigurationList;
			buildConfigurations = (
				1483EA4B28B4CF05006AE221 /* Debug */,
				1483EA4C28B4CF05006AE221 /* Release */,
			);
			defaultConfigurationIsVisible = 0;
			defaultConfigurationName = Release;
		};
/* End XCConfigurationList section */
	};
	rootObject = 1483EA1228B4CF02006AE221 /* Project object */;
}
